{
  "name": "codux-example-project",
  "version": "1.0.0",
  "lockfileVersion": 2,
  "requires": true,
  "packages": {
    "": {
      "name": "codux-example-project",
      "version": "1.0.0",
      "license": "MIT",
      "dependencies": {
        "@stylable/runtime": "^5.6.0",
        "react": "^18.2.0",
        "react-dom": "^18.2.0"
      },
      "devDependencies": {
        "@stylable/core": "^5.6.0",
        "@types/react": "^18.0.26",
        "@types/react-dom": "^18.0.10",
        "@wixc3/react-board": "^2.1.3",
        "typescript": "~4.9.4"
      }
    },
    "node_modules/@stylable/core": {
      "version": "5.6.0",
      "resolved": "https://registry.npmjs.org/@stylable/core/-/core-5.6.0.tgz",
      "integrity": "sha512-oCoA5YUnQ8UTS29iH3TFcYh1Wo9dSWFkd8sqazUgbSJEgGinnb3ALYuxA8tUI03Rp6VdD0XRHSZgNWKirJ9ePw==",
      "dev": true,
      "dependencies": {
        "@tokey/css-selector-parser": "^0.6.1",
        "@tokey/imports-parser": "^1.0.0",
        "balanced-match": "^2.0.0",
        "css-selector-tokenizer": "^0.8.0",
        "cssesc": "^3.0.0",
        "enhanced-resolve": "^5.12.0",
        "is-vendor-prefixed": "^4.0.0",
        "lodash.clonedeep": "^4.5.0",
        "lodash.clonedeepwith": "^4.5.0",
        "postcss": "^8.4.20",
        "postcss-js": "^4.0.0",
        "postcss-nested": "^6.0.0",
        "postcss-safe-parser": "^6.0.0",
        "postcss-value-parser": "^4.2.0"
      },
      "engines": {
        "node": ">=14.14.0"
      }
    },
    "node_modules/@stylable/runtime": {
      "version": "5.6.0",
      "resolved": "https://registry.npmjs.org/@stylable/runtime/-/runtime-5.6.0.tgz",
      "integrity": "sha512-EGjjdzUWx0aGZW1W3xM0qs7PkSC5fa6ZPHrdg65pU1qkCF24oVgg3iWxoWk260KnxYSzmSEvqt/IJsXjYOuTkg==",
      "engines": {
        "node": ">=14.14.0"
      }
    },
    "node_modules/@tokey/core": {
      "version": "1.3.0",
      "resolved": "https://registry.npmjs.org/@tokey/core/-/core-1.3.0.tgz",
      "integrity": "sha512-qeJ181Jsp+fIGJRUlYPtIhm86WyRF8P7LiW0mJ2xCTWNmPHKHmY5a8Yzi0EXWTLGTA3HBFK/1pw/S83uatmWcQ==",
      "dev": true
    },
    "node_modules/@tokey/css-selector-parser": {
      "version": "0.6.1",
      "resolved": "https://registry.npmjs.org/@tokey/css-selector-parser/-/css-selector-parser-0.6.1.tgz",
      "integrity": "sha512-nyAtoXUvlNqzdArJQLJ1B0zPH4bqCtmKzF4PNtrMNFn6SljPyKn2cWS/A2sHjJuR197opBgA5NjmnZslsRqdmw==",
      "dev": true,
      "dependencies": {
        "@tokey/core": "^1.3.0"
      }
    },
    "node_modules/@tokey/imports-parser": {
      "version": "1.0.0",
      "resolved": "https://registry.npmjs.org/@tokey/imports-parser/-/imports-parser-1.0.0.tgz",
      "integrity": "sha512-GAZzxzVic2IGxyhOf85JYrwFtu8RzeV7UGMsz32+/ru5UkevHq9cEIkN+oG3CrId6AFZD9mCKgrUwFYUmSzdZg==",
      "dev": true,
      "dependencies": {
        "@tokey/core": "^1.3.0"
      }
    },
    "node_modules/@types/prop-types": {
      "version": "15.7.5",
      "resolved": "https://registry.npmjs.org/@types/prop-types/-/prop-types-15.7.5.tgz",
      "integrity": "sha512-JCB8C6SnDoQf0cNycqd/35A7MjcnK+ZTqE7judS6o7utxUCg6imJg3QK2qzHKszlTjcj2cn+NwMB2i96ubpj7w==",
      "dev": true
    },
    "node_modules/@types/react": {
      "version": "18.0.26",
      "resolved": "https://registry.npmjs.org/@types/react/-/react-18.0.26.tgz",
      "integrity": "sha512-hCR3PJQsAIXyxhTNSiDFY//LhnMZWpNNr5etoCqx/iUfGc5gXWtQR2Phl908jVR6uPXacojQWTg4qRpkxTuGug==",
      "dev": true,
      "dependencies": {
        "@types/prop-types": "*",
        "@types/scheduler": "*",
        "csstype": "^3.0.2"
      }
    },
    "node_modules/@types/react-dom": {
      "version": "18.0.10",
      "resolved": "https://registry.npmjs.org/@types/react-dom/-/react-dom-18.0.10.tgz",
      "integrity": "sha512-E42GW/JA4Qv15wQdqJq8DL4JhNpB3prJgjgapN3qJT9K2zO5IIAQh4VXvCEDupoqAwnz0cY4RlXeC/ajX5SFHg==",
      "dev": true,
      "dependencies": {
        "@types/react": "*"
      }
    },
    "node_modules/@types/scheduler": {
      "version": "0.16.2",
      "resolved": "https://registry.npmjs.org/@types/scheduler/-/scheduler-0.16.2.tgz",
      "integrity": "sha512-hppQEBDmlwhFAXKJX2KnWLYu5yMfi91yazPb2l+lbJiwW+wdo1gNeRA+3RgNSO39WYX2euey41KEwnqesU2Jew==",
      "dev": true
    },
    "node_modules/@wixc3/board-core": {
      "version": "2.1.3",
      "resolved": "https://registry.npmjs.org/@wixc3/board-core/-/board-core-2.1.3.tgz",
      "integrity": "sha512-/sOie7eaefH9nCkV25Nuam0GoPaix/hYqz61OeAAStg1rMTNnM4Fo/TJUcYbdALAyG5Kebc06MLHlTHS6CPIIA==",
      "dev": true
    },
    "node_modules/@wixc3/react-board": {
      "version": "2.1.3",
      "resolved": "https://registry.npmjs.org/@wixc3/react-board/-/react-board-2.1.3.tgz",
      "integrity": "sha512-dmFf+6Kf/nhkL2ve7B1aEX4ic/r4BAC97/QO/FMviIejOT/5Yp3ZT+01HQRix+Icn/kbfpiQnSDqEjiYmNurUg==",
      "dev": true,
      "dependencies": {
        "@wixc3/board-core": "^2.1.3"
      },
      "peerDependencies": {
        "react": "^16.0.0 || ^17.0.0 || ^18.0.0",
        "react-dom": "^16.0.0 || ^17.0.0 || ^18.0.0"
      }
    },
    "node_modules/balanced-match": {
      "version": "2.0.0",
      "resolved": "https://registry.npmjs.org/balanced-match/-/balanced-match-2.0.0.tgz",
      "integrity": "sha512-1ugUSr8BHXRnK23KfuYS+gVMC3LB8QGH9W1iGtDPsNWoQbgtXSExkBu2aDR4epiGWZOjZsj6lDl/N/AqqTC3UA==",
      "dev": true
    },
    "node_modules/camelcase-css": {
      "version": "2.0.1",
      "resolved": "https://registry.npmjs.org/camelcase-css/-/camelcase-css-2.0.1.tgz",
      "integrity": "sha512-QOSvevhslijgYwRx6Rv7zKdMF8lbRmx+uQGx2+vDc+KI/eBnsy9kit5aj23AgGu3pa4t9AgwbnXWqS+iOY+2aA==",
      "dev": true,
      "engines": {
        "node": ">= 6"
      }
    },
    "node_modules/css-selector-tokenizer": {
      "version": "0.8.0",
      "resolved": "https://registry.npmjs.org/css-selector-tokenizer/-/css-selector-tokenizer-0.8.0.tgz",
      "integrity": "sha512-Jd6Ig3/pe62/qe5SBPTN8h8LeUg/pT4lLgtavPf7updwwHpvFzxvOQBHYj2LZDMjUnBzgvIUSjRcf6oT5HzHFg==",
      "dev": true,
      "dependencies": {
        "cssesc": "^3.0.0",
        "fastparse": "^1.1.2"
      }
    },
    "node_modules/cssesc": {
      "version": "3.0.0",
      "resolved": "https://registry.npmjs.org/cssesc/-/cssesc-3.0.0.tgz",
      "integrity": "sha512-/Tb/JcjK111nNScGob5MNtsntNM1aCNUDipB/TkwZFhyDrrE47SOx/18wF2bbjgc3ZzCSKW1T5nt5EbFoAz/Vg==",
      "dev": true,
      "bin": {
        "cssesc": "bin/cssesc"
      },
      "engines": {
        "node": ">=4"
      }
    },
    "node_modules/csstype": {
      "version": "3.1.1",
      "resolved": "https://registry.npmjs.org/csstype/-/csstype-3.1.1.tgz",
      "integrity": "sha512-DJR/VvkAvSZW9bTouZue2sSxDwdTN92uHjqeKVm+0dAqdfNykRzQ95tay8aXMBAAPpUiq4Qcug2L7neoRh2Egw==",
      "dev": true
    },
    "node_modules/enhanced-resolve": {
      "version": "5.12.0",
      "resolved": "https://registry.npmjs.org/enhanced-resolve/-/enhanced-resolve-5.12.0.tgz",
      "integrity": "sha512-QHTXI/sZQmko1cbDoNAa3mJ5qhWUUNAq3vR0/YiD379fWQrcfuoX1+HW2S0MTt7XmoPLapdaDKUtelUSPic7hQ==",
      "dev": true,
      "dependencies": {
        "graceful-fs": "^4.2.4",
        "tapable": "^2.2.0"
      },
      "engines": {
        "node": ">=10.13.0"
      }
    },
    "node_modules/fastparse": {
      "version": "1.1.2",
      "resolved": "https://registry.npmjs.org/fastparse/-/fastparse-1.1.2.tgz",
      "integrity": "sha512-483XLLxTVIwWK3QTrMGRqUfUpoOs/0hbQrl2oz4J0pAcm3A3bu84wxTFqGqkJzewCLdME38xJLJAxBABfQT8sQ==",
      "dev": true
    },
    "node_modules/graceful-fs": {
      "version": "4.2.10",
      "resolved": "https://registry.npmjs.org/graceful-fs/-/graceful-fs-4.2.10.tgz",
      "integrity": "sha512-9ByhssR2fPVsNZj478qUUbKfmL0+t5BDVyjShtyZZLiK7ZDAArFFfopyOTj0M05wE2tJPisA4iTnnXl2YoPvOA==",
      "dev": true
    },
    "node_modules/is-vendor-prefixed": {
      "version": "4.0.0",
      "resolved": "https://registry.npmjs.org/is-vendor-prefixed/-/is-vendor-prefixed-4.0.0.tgz",
      "integrity": "sha512-IOs6nB0cELr2AfldQbfGf5urbX74pYE2Z9sULu2yeQswqodxtQZwi+avzSGM6AVJ5KbvfStd8lH/ooZ+B5cdUg==",
      "dev": true,
      "dependencies": {
        "vendor-prefixes": "1.0.0"
      }
    },
    "node_modules/js-tokens": {
      "version": "4.0.0",
      "resolved": "https://registry.npmjs.org/js-tokens/-/js-tokens-4.0.0.tgz",
      "integrity": "sha512-RdJUflcE3cUzKiMqQgsCu06FPu9UdIJO0beYbPhHN4k6apgJtifcoCtT9bcxOpYBtpD2kCM6Sbzg4CausW/PKQ=="
    },
    "node_modules/lodash.clonedeep": {
      "version": "4.5.0",
      "resolved": "https://registry.npmjs.org/lodash.clonedeep/-/lodash.clonedeep-4.5.0.tgz",
      "integrity": "sha512-H5ZhCF25riFd9uB5UCkVKo61m3S/xZk1x4wA6yp/L3RFP6Z/eHH1ymQcGLo7J3GMPfm0V/7m1tryHuGVxpqEBQ==",
      "dev": true
    },
    "node_modules/lodash.clonedeepwith": {
      "version": "4.5.0",
      "resolved": "https://registry.npmjs.org/lodash.clonedeepwith/-/lodash.clonedeepwith-4.5.0.tgz",
      "integrity": "sha512-QRBRSxhbtsX1nc0baxSkkK5WlVTTm/s48DSukcGcWZwIyI8Zz+lB+kFiELJXtzfH4Aj6kMWQ1VWW4U5uUDgZMA==",
      "dev": true
    },
    "node_modules/loose-envify": {
      "version": "1.4.0",
      "resolved": "https://registry.npmjs.org/loose-envify/-/loose-envify-1.4.0.tgz",
      "integrity": "sha512-lyuxPGr/Wfhrlem2CL/UcnUc1zcqKAImBDzukY7Y5F/yQiNdko6+fRLevlw1HgMySw7f611UIY408EtxRSoK3Q==",
      "dependencies": {
        "js-tokens": "^3.0.0 || ^4.0.0"
      },
      "bin": {
        "loose-envify": "cli.js"
      }
    },
    "node_modules/nanoid": {
      "version": "3.3.4",
      "resolved": "https://registry.npmjs.org/nanoid/-/nanoid-3.3.4.tgz",
      "integrity": "sha512-MqBkQh/OHTS2egovRtLk45wEyNXwF+cokD+1YPf9u5VfJiRdAiRwB2froX5Co9Rh20xs4siNPm8naNotSD6RBw==",
      "dev": true,
      "bin": {
        "nanoid": "bin/nanoid.cjs"
      },
      "engines": {
        "node": "^10 || ^12 || ^13.7 || ^14 || >=15.0.1"
      }
    },
    "node_modules/picocolors": {
      "version": "1.0.0",
      "resolved": "https://registry.npmjs.org/picocolors/-/picocolors-1.0.0.tgz",
      "integrity": "sha512-1fygroTLlHu66zi26VoTDv8yRgm0Fccecssto+MhsZ0D/DGW2sm8E8AjW7NU5VVTRt5GxbeZ5qBuJr+HyLYkjQ==",
      "dev": true
    },
    "node_modules/postcss": {
      "version": "8.4.20",
      "resolved": "https://registry.npmjs.org/postcss/-/postcss-8.4.20.tgz",
      "integrity": "sha512-6Q04AXR1212bXr5fh03u8aAwbLxAQNGQ/Q1LNa0VfOI06ZAlhPHtQvE4OIdpj4kLThXilalPnmDSOD65DcHt+g==",
      "dev": true,
      "funding": [
        {
          "type": "opencollective",
          "url": "https://opencollective.com/postcss/"
        },
        {
          "type": "tidelift",
          "url": "https://tidelift.com/funding/github/npm/postcss"
        }
      ],
      "dependencies": {
        "nanoid": "^3.3.4",
        "picocolors": "^1.0.0",
        "source-map-js": "^1.0.2"
      },
      "engines": {
        "node": "^10 || ^12 || >=14"
      }
    },
    "node_modules/postcss-js": {
      "version": "4.0.0",
      "resolved": "https://registry.npmjs.org/postcss-js/-/postcss-js-4.0.0.tgz",
      "integrity": "sha512-77QESFBwgX4irogGVPgQ5s07vLvFqWr228qZY+w6lW599cRlK/HmnlivnnVUxkjHnCu4J16PDMHcH+e+2HbvTQ==",
      "dev": true,
      "dependencies": {
        "camelcase-css": "^2.0.1"
      },
      "engines": {
        "node": "^12 || ^14 || >= 16"
      },
      "funding": {
        "type": "opencollective",
        "url": "https://opencollective.com/postcss/"
      },
      "peerDependencies": {
        "postcss": "^8.3.3"
      }
    },
    "node_modules/postcss-nested": {
      "version": "6.0.0",
      "resolved": "https://registry.npmjs.org/postcss-nested/-/postcss-nested-6.0.0.tgz",
      "integrity": "sha512-0DkamqrPcmkBDsLn+vQDIrtkSbNkv5AD/M322ySo9kqFkCIYklym2xEmWkwo+Y3/qZo34tzEPNUw4y7yMCdv5w==",
      "dev": true,
      "dependencies": {
        "postcss-selector-parser": "^6.0.10"
      },
      "engines": {
        "node": ">=12.0"
      },
      "funding": {
        "type": "opencollective",
        "url": "https://opencollective.com/postcss/"
      },
      "peerDependencies": {
        "postcss": "^8.2.14"
      }
    },
    "node_modules/postcss-safe-parser": {
      "version": "6.0.0",
      "resolved": "https://registry.npmjs.org/postcss-safe-parser/-/postcss-safe-parser-6.0.0.tgz",
      "integrity": "sha512-FARHN8pwH+WiS2OPCxJI8FuRJpTVnn6ZNFiqAM2aeW2LwTHWWmWgIyKC6cUo0L8aeKiF/14MNvnpls6R2PBeMQ==",
      "dev": true,
      "engines": {
        "node": ">=12.0"
      },
      "funding": {
        "type": "opencollective",
        "url": "https://opencollective.com/postcss/"
      },
      "peerDependencies": {
        "postcss": "^8.3.3"
      }
    },
    "node_modules/postcss-selector-parser": {
      "version": "6.0.11",
      "resolved": "https://registry.npmjs.org/postcss-selector-parser/-/postcss-selector-parser-6.0.11.tgz",
      "integrity": "sha512-zbARubNdogI9j7WY4nQJBiNqQf3sLS3wCP4WfOidu+p28LofJqDH1tcXypGrcmMHhDk2t9wGhCsYe/+szLTy1g==",
      "dev": true,
      "dependencies": {
        "cssesc": "^3.0.0",
        "util-deprecate": "^1.0.2"
      },
      "engines": {
        "node": ">=4"
      }
    },
    "node_modules/postcss-value-parser": {
      "version": "4.2.0",
      "resolved": "https://registry.npmjs.org/postcss-value-parser/-/postcss-value-parser-4.2.0.tgz",
      "integrity": "sha512-1NNCs6uurfkVbeXG4S8JFT9t19m45ICnif8zWLd5oPSZ50QnwMfK+H3jv408d4jw/7Bttv5axS5IiHoLaVNHeQ==",
      "dev": true
    },
    "node_modules/react": {
      "version": "18.2.0",
      "resolved": "https://registry.npmjs.org/react/-/react-18.2.0.tgz",
      "integrity": "sha512-/3IjMdb2L9QbBdWiW5e3P2/npwMBaU9mHCSCUzNln0ZCYbcfTsGbTJrU/kGemdH2IWmB2ioZ+zkxtmq6g09fGQ==",
      "dependencies": {
        "loose-envify": "^1.1.0"
      },
      "engines": {
        "node": ">=0.10.0"
      }
    },
    "node_modules/react-dom": {
      "version": "18.2.0",
      "resolved": "https://registry.npmjs.org/react-dom/-/react-dom-18.2.0.tgz",
      "integrity": "sha512-6IMTriUmvsjHUjNtEDudZfuDQUoWXVxKHhlEGSk81n4YFS+r/Kl99wXiwlVXtPBtJenozv2P+hxDsw9eA7Xo6g==",
      "dependencies": {
        "loose-envify": "^1.1.0",
        "scheduler": "^0.23.0"
      },
      "peerDependencies": {
        "react": "^18.2.0"
      }
    },
    "node_modules/scheduler": {
      "version": "0.23.0",
      "resolved": "https://registry.npmjs.org/scheduler/-/scheduler-0.23.0.tgz",
      "integrity": "sha512-CtuThmgHNg7zIZWAXi3AsyIzA3n4xx7aNyjwC2VJldO2LMVDhFK+63xGqq6CsJH4rTAt6/M+N4GhZiDYPx9eUw==",
      "dependencies": {
        "loose-envify": "^1.1.0"
      }
    },
    "node_modules/source-map-js": {
      "version": "1.0.2",
      "resolved": "https://registry.npmjs.org/source-map-js/-/source-map-js-1.0.2.tgz",
      "integrity": "sha512-R0XvVJ9WusLiqTCEiGCmICCMplcCkIwwR11mOSD9CR5u+IXYdiseeEuXCVAjS54zqwkLcPNnmU4OeJ6tUrWhDw==",
      "dev": true,
      "engines": {
        "node": ">=0.10.0"
      }
    },
    "node_modules/tapable": {
      "version": "2.2.1",
      "resolved": "https://registry.npmjs.org/tapable/-/tapable-2.2.1.tgz",
      "integrity": "sha512-GNzQvQTOIP6RyTfE2Qxb8ZVlNmw0n88vp1szwWRimP02mnTsx3Wtn5qRdqY9w2XduFNUgvOwhNnQsjwCp+kqaQ==",
      "dev": true,
      "engines": {
        "node": ">=6"
      }
    },
    "node_modules/typescript": {
      "version": "4.9.4",
      "resolved": "https://registry.npmjs.org/typescript/-/typescript-4.9.4.tgz",
      "integrity": "sha512-Uz+dTXYzxXXbsFpM86Wh3dKCxrQqUcVMxwU54orwlJjOpO3ao8L7j5lH+dWfTwgCwIuM9GQ2kvVotzYJMXTBZg==",
      "dev": true,
      "bin": {
        "tsc": "bin/tsc",
        "tsserver": "bin/tsserver"
      },
      "engines": {
        "node": ">=4.2.0"
      }
    },
    "node_modules/util-deprecate": {
      "version": "1.0.2",
      "resolved": "https://registry.npmjs.org/util-deprecate/-/util-deprecate-1.0.2.tgz",
      "integrity": "sha512-EPD5q1uXyFxJpCrLnCc1nHnq3gOa6DZBocAIiI2TaSCA7VCJ1UJDMagCzIkXNsUYfD1daK//LTEQ8xiIbrHtcw==",
      "dev": true
    },
    "node_modules/vendor-prefixes": {
      "version": "1.0.0",
      "resolved": "https://registry.npmjs.org/vendor-prefixes/-/vendor-prefixes-1.0.0.tgz",
      "integrity": "sha512-oWOptgqBs948A3V9TmAUcVFvb0dJgmeHrcIcWq4rqtmCfaRs93t0+DfJu90V5n3drN0CKBYm4BTi9yvWyKXA+g==",
      "dev": true
    }
  },
  "dependencies": {
    "@stylable/core": {
      "version": "5.6.0",
      "resolved": "https://registry.npmjs.org/@stylable/core/-/core-5.6.0.tgz",
      "integrity": "sha512-oCoA5YUnQ8UTS29iH3TFcYh1Wo9dSWFkd8sqazUgbSJEgGinnb3ALYuxA8tUI03Rp6VdD0XRHSZgNWKirJ9ePw==",
      "dev": true,
      "requires": {
        "@tokey/css-selector-parser": "^0.6.1",
        "@tokey/imports-parser": "^1.0.0",
        "balanced-match": "^2.0.0",
        "css-selector-tokenizer": "^0.8.0",
        "cssesc": "^3.0.0",
        "enhanced-resolve": "^5.12.0",
        "is-vendor-prefixed": "^4.0.0",
        "lodash.clonedeep": "^4.5.0",
        "lodash.clonedeepwith": "^4.5.0",
        "postcss": "^8.4.20",
        "postcss-js": "^4.0.0",
        "postcss-nested": "^6.0.0",
        "postcss-safe-parser": "^6.0.0",
        "postcss-value-parser": "^4.2.0"
      }
    },
    "@stylable/runtime": {
      "version": "5.6.0",
      "resolved": "https://registry.npmjs.org/@stylable/runtime/-/runtime-5.6.0.tgz",
      "integrity": "sha512-EGjjdzUWx0aGZW1W3xM0qs7PkSC5fa6ZPHrdg65pU1qkCF24oVgg3iWxoWk260KnxYSzmSEvqt/IJsXjYOuTkg=="
    },
    "@tokey/core": {
      "version": "1.3.0",
      "resolved": "https://registry.npmjs.org/@tokey/core/-/core-1.3.0.tgz",
      "integrity": "sha512-qeJ181Jsp+fIGJRUlYPtIhm86WyRF8P7LiW0mJ2xCTWNmPHKHmY5a8Yzi0EXWTLGTA3HBFK/1pw/S83uatmWcQ==",
      "dev": true
    },
    "@tokey/css-selector-parser": {
      "version": "0.6.1",
      "resolved": "https://registry.npmjs.org/@tokey/css-selector-parser/-/css-selector-parser-0.6.1.tgz",
      "integrity": "sha512-nyAtoXUvlNqzdArJQLJ1B0zPH4bqCtmKzF4PNtrMNFn6SljPyKn2cWS/A2sHjJuR197opBgA5NjmnZslsRqdmw==",
      "dev": true,
      "requires": {
        "@tokey/core": "^1.3.0"
      }
    },
    "@tokey/imports-parser": {
      "version": "1.0.0",
      "resolved": "https://registry.npmjs.org/@tokey/imports-parser/-/imports-parser-1.0.0.tgz",
      "integrity": "sha512-GAZzxzVic2IGxyhOf85JYrwFtu8RzeV7UGMsz32+/ru5UkevHq9cEIkN+oG3CrId6AFZD9mCKgrUwFYUmSzdZg==",
      "dev": true,
      "requires": {
        "@tokey/core": "^1.3.0"
      }
    },
    "@types/prop-types": {
      "version": "15.7.5",
      "resolved": "https://registry.npmjs.org/@types/prop-types/-/prop-types-15.7.5.tgz",
      "integrity": "sha512-JCB8C6SnDoQf0cNycqd/35A7MjcnK+ZTqE7judS6o7utxUCg6imJg3QK2qzHKszlTjcj2cn+NwMB2i96ubpj7w==",
      "dev": true
    },
    "@types/react": {
      "version": "18.0.26",
      "resolved": "https://registry.npmjs.org/@types/react/-/react-18.0.26.tgz",
      "integrity": "sha512-hCR3PJQsAIXyxhTNSiDFY//LhnMZWpNNr5etoCqx/iUfGc5gXWtQR2Phl908jVR6uPXacojQWTg4qRpkxTuGug==",
      "dev": true,
      "requires": {
        "@types/prop-types": "*",
        "@types/scheduler": "*",
        "csstype": "^3.0.2"
      }
    },
    "@types/react-dom": {
      "version": "18.0.10",
      "resolved": "https://registry.npmjs.org/@types/react-dom/-/react-dom-18.0.10.tgz",
      "integrity": "sha512-E42GW/JA4Qv15wQdqJq8DL4JhNpB3prJgjgapN3qJT9K2zO5IIAQh4VXvCEDupoqAwnz0cY4RlXeC/ajX5SFHg==",
      "dev": true,
      "requires": {
        "@types/react": "*"
      }
    },
    "@types/scheduler": {
      "version": "0.16.2",
      "resolved": "https://registry.npmjs.org/@types/scheduler/-/scheduler-0.16.2.tgz",
      "integrity": "sha512-hppQEBDmlwhFAXKJX2KnWLYu5yMfi91yazPb2l+lbJiwW+wdo1gNeRA+3RgNSO39WYX2euey41KEwnqesU2Jew==",
      "dev": true
    },
    "@wixc3/board-core": {
      "version": "2.1.3",
      "resolved": "https://registry.npmjs.org/@wixc3/board-core/-/board-core-2.1.3.tgz",
      "integrity": "sha512-/sOie7eaefH9nCkV25Nuam0GoPaix/hYqz61OeAAStg1rMTNnM4Fo/TJUcYbdALAyG5Kebc06MLHlTHS6CPIIA==",
      "dev": true
    },
    "@wixc3/react-board": {
      "version": "2.1.3",
      "resolved": "https://registry.npmjs.org/@wixc3/react-board/-/react-board-2.1.3.tgz",
      "integrity": "sha512-dmFf+6Kf/nhkL2ve7B1aEX4ic/r4BAC97/QO/FMviIejOT/5Yp3ZT+01HQRix+Icn/kbfpiQnSDqEjiYmNurUg==",
      "dev": true,
      "requires": {
        "@wixc3/board-core": "^2.1.3"
      }
    },
    "balanced-match": {
      "version": "2.0.0",
      "resolved": "https://registry.npmjs.org/balanced-match/-/balanced-match-2.0.0.tgz",
      "integrity": "sha512-1ugUSr8BHXRnK23KfuYS+gVMC3LB8QGH9W1iGtDPsNWoQbgtXSExkBu2aDR4epiGWZOjZsj6lDl/N/AqqTC3UA==",
      "dev": true
    },
    "camelcase-css": {
      "version": "2.0.1",
      "resolved": "https://registry.npmjs.org/camelcase-css/-/camelcase-css-2.0.1.tgz",
      "integrity": "sha512-QOSvevhslijgYwRx6Rv7zKdMF8lbRmx+uQGx2+vDc+KI/eBnsy9kit5aj23AgGu3pa4t9AgwbnXWqS+iOY+2aA==",
      "dev": true
    },
    "css-selector-tokenizer": {
      "version": "0.8.0",
      "resolved": "https://registry.npmjs.org/css-selector-tokenizer/-/css-selector-tokenizer-0.8.0.tgz",
      "integrity": "sha512-Jd6Ig3/pe62/qe5SBPTN8h8LeUg/pT4lLgtavPf7updwwHpvFzxvOQBHYj2LZDMjUnBzgvIUSjRcf6oT5HzHFg==",
      "dev": true,
      "requires": {
        "cssesc": "^3.0.0",
        "fastparse": "^1.1.2"
      }
    },
    "cssesc": {
      "version": "3.0.0",
      "resolved": "https://registry.npmjs.org/cssesc/-/cssesc-3.0.0.tgz",
      "integrity": "sha512-/Tb/JcjK111nNScGob5MNtsntNM1aCNUDipB/TkwZFhyDrrE47SOx/18wF2bbjgc3ZzCSKW1T5nt5EbFoAz/Vg==",
      "dev": true
    },
    "csstype": {
      "version": "3.1.1",
      "resolved": "https://registry.npmjs.org/csstype/-/csstype-3.1.1.tgz",
      "integrity": "sha512-DJR/VvkAvSZW9bTouZue2sSxDwdTN92uHjqeKVm+0dAqdfNykRzQ95tay8aXMBAAPpUiq4Qcug2L7neoRh2Egw==",
      "dev": true
    },
    "enhanced-resolve": {
      "version": "5.12.0",
      "resolved": "https://registry.npmjs.org/enhanced-resolve/-/enhanced-resolve-5.12.0.tgz",
      "integrity": "sha512-QHTXI/sZQmko1cbDoNAa3mJ5qhWUUNAq3vR0/YiD379fWQrcfuoX1+HW2S0MTt7XmoPLapdaDKUtelUSPic7hQ==",
      "dev": true,
      "requires": {
        "graceful-fs": "^4.2.4",
        "tapable": "^2.2.0"
      }
    },
    "fastparse": {
      "version": "1.1.2",
      "resolved": "https://registry.npmjs.org/fastparse/-/fastparse-1.1.2.tgz",
      "integrity": "sha512-483XLLxTVIwWK3QTrMGRqUfUpoOs/0hbQrl2oz4J0pAcm3A3bu84wxTFqGqkJzewCLdME38xJLJAxBABfQT8sQ==",
      "dev": true
    },
    "graceful-fs": {
      "version": "4.2.10",
      "resolved": "https://registry.npmjs.org/graceful-fs/-/graceful-fs-4.2.10.tgz",
      "integrity": "sha512-9ByhssR2fPVsNZj478qUUbKfmL0+t5BDVyjShtyZZLiK7ZDAArFFfopyOTj0M05wE2tJPisA4iTnnXl2YoPvOA==",
      "dev": true
    },
    "is-vendor-prefixed": {
      "version": "4.0.0",
      "resolved": "https://registry.npmjs.org/is-vendor-prefixed/-/is-vendor-prefixed-4.0.0.tgz",
      "integrity": "sha512-IOs6nB0cELr2AfldQbfGf5urbX74pYE2Z9sULu2yeQswqodxtQZwi+avzSGM6AVJ5KbvfStd8lH/ooZ+B5cdUg==",
      "dev": true,
      "requires": {
        "vendor-prefixes": "1.0.0"
      }
    },
    "js-tokens": {
      "version": "4.0.0",
      "resolved": "https://registry.npmjs.org/js-tokens/-/js-tokens-4.0.0.tgz",
      "integrity": "sha512-RdJUflcE3cUzKiMqQgsCu06FPu9UdIJO0beYbPhHN4k6apgJtifcoCtT9bcxOpYBtpD2kCM6Sbzg4CausW/PKQ=="
    },
    "lodash.clonedeep": {
      "version": "4.5.0",
      "resolved": "https://registry.npmjs.org/lodash.clonedeep/-/lodash.clonedeep-4.5.0.tgz",
      "integrity": "sha512-H5ZhCF25riFd9uB5UCkVKo61m3S/xZk1x4wA6yp/L3RFP6Z/eHH1ymQcGLo7J3GMPfm0V/7m1tryHuGVxpqEBQ==",
      "dev": true
    },
    "lodash.clonedeepwith": {
      "version": "4.5.0",
      "resolved": "https://registry.npmjs.org/lodash.clonedeepwith/-/lodash.clonedeepwith-4.5.0.tgz",
      "integrity": "sha512-QRBRSxhbtsX1nc0baxSkkK5WlVTTm/s48DSukcGcWZwIyI8Zz+lB+kFiELJXtzfH4Aj6kMWQ1VWW4U5uUDgZMA==",
      "dev": true
    },
    "loose-envify": {
      "version": "1.4.0",
      "resolved": "https://registry.npmjs.org/loose-envify/-/loose-envify-1.4.0.tgz",
      "integrity": "sha512-lyuxPGr/Wfhrlem2CL/UcnUc1zcqKAImBDzukY7Y5F/yQiNdko6+fRLevlw1HgMySw7f611UIY408EtxRSoK3Q==",
      "requires": {
        "js-tokens": "^3.0.0 || ^4.0.0"
      }
    },
    "nanoid": {
      "version": "3.3.4",
      "resolved": "https://registry.npmjs.org/nanoid/-/nanoid-3.3.4.tgz",
      "integrity": "sha512-MqBkQh/OHTS2egovRtLk45wEyNXwF+cokD+1YPf9u5VfJiRdAiRwB2froX5Co9Rh20xs4siNPm8naNotSD6RBw==",
      "dev": true
    },
    "picocolors": {
      "version": "1.0.0",
      "resolved": "https://registry.npmjs.org/picocolors/-/picocolors-1.0.0.tgz",
      "integrity": "sha512-1fygroTLlHu66zi26VoTDv8yRgm0Fccecssto+MhsZ0D/DGW2sm8E8AjW7NU5VVTRt5GxbeZ5qBuJr+HyLYkjQ==",
      "dev": true
    },
    "postcss": {
      "version": "8.4.20",
      "resolved": "https://registry.npmjs.org/postcss/-/postcss-8.4.20.tgz",
      "integrity": "sha512-6Q04AXR1212bXr5fh03u8aAwbLxAQNGQ/Q1LNa0VfOI06ZAlhPHtQvE4OIdpj4kLThXilalPnmDSOD65DcHt+g==",
      "dev": true,
      "requires": {
        "nanoid": "^3.3.4",
        "picocolors": "^1.0.0",
        "source-map-js": "^1.0.2"
      }
    },
    "postcss-js": {
      "version": "4.0.0",
      "resolved": "https://registry.npmjs.org/postcss-js/-/postcss-js-4.0.0.tgz",
      "integrity": "sha512-77QESFBwgX4irogGVPgQ5s07vLvFqWr228qZY+w6lW599cRlK/HmnlivnnVUxkjHnCu4J16PDMHcH+e+2HbvTQ==",
      "dev": true,
      "requires": {
        "camelcase-css": "^2.0.1"
      }
    },
    "postcss-nested": {
      "version": "6.0.0",
      "resolved": "https://registry.npmjs.org/postcss-nested/-/postcss-nested-6.0.0.tgz",
      "integrity": "sha512-0DkamqrPcmkBDsLn+vQDIrtkSbNkv5AD/M322ySo9kqFkCIYklym2xEmWkwo+Y3/qZo34tzEPNUw4y7yMCdv5w==",
      "dev": true,
      "requires": {
        "postcss-selector-parser": "^6.0.10"
      }
    },
    "postcss-safe-parser": {
      "version": "6.0.0",
      "resolved": "https://registry.npmjs.org/postcss-safe-parser/-/postcss-safe-parser-6.0.0.tgz",
      "integrity": "sha512-FARHN8pwH+WiS2OPCxJI8FuRJpTVnn6ZNFiqAM2aeW2LwTHWWmWgIyKC6cUo0L8aeKiF/14MNvnpls6R2PBeMQ==",
      "dev": true,
      "requires": {}
    },
    "postcss-selector-parser": {
      "version": "6.0.11",
      "resolved": "https://registry.npmjs.org/postcss-selector-parser/-/postcss-selector-parser-6.0.11.tgz",
      "integrity": "sha512-zbARubNdogI9j7WY4nQJBiNqQf3sLS3wCP4WfOidu+p28LofJqDH1tcXypGrcmMHhDk2t9wGhCsYe/+szLTy1g==",
      "dev": true,
      "requires": {
        "cssesc": "^3.0.0",
        "util-deprecate": "^1.0.2"
      }
    },
    "postcss-value-parser": {
      "version": "4.2.0",
      "resolved": "https://registry.npmjs.org/postcss-value-parser/-/postcss-value-parser-4.2.0.tgz",
      "integrity": "sha512-1NNCs6uurfkVbeXG4S8JFT9t19m45ICnif8zWLd5oPSZ50QnwMfK+H3jv408d4jw/7Bttv5axS5IiHoLaVNHeQ==",
      "dev": true
    },
    "react": {
      "version": "18.2.0",
      "resolved": "https://registry.npmjs.org/react/-/react-18.2.0.tgz",
      "integrity": "sha512-/3IjMdb2L9QbBdWiW5e3P2/npwMBaU9mHCSCUzNln0ZCYbcfTsGbTJrU/kGemdH2IWmB2ioZ+zkxtmq6g09fGQ==",
      "requires": {
        "loose-envify": "^1.1.0"
      }
    },
    "react-dom": {
      "version": "18.2.0",
      "resolved": "https://registry.npmjs.org/react-dom/-/react-dom-18.2.0.tgz",
      "integrity": "sha512-6IMTriUmvsjHUjNtEDudZfuDQUoWXVxKHhlEGSk81n4YFS+r/Kl99wXiwlVXtPBtJenozv2P+hxDsw9eA7Xo6g==",
      "requires": {
        "loose-envify": "^1.1.0",
        "scheduler": "^0.23.0"
      }
    },
    "scheduler": {
      "version": "0.23.0",
      "resolved": "https://registry.npmjs.org/scheduler/-/scheduler-0.23.0.tgz",
      "integrity": "sha512-CtuThmgHNg7zIZWAXi3AsyIzA3n4xx7aNyjwC2VJldO2LMVDhFK+63xGqq6CsJH4rTAt6/M+N4GhZiDYPx9eUw==",
      "requires": {
        "loose-envify": "^1.1.0"
      }
    },
    "source-map-js": {
      "version": "1.0.2",
      "resolved": "https://registry.npmjs.org/source-map-js/-/source-map-js-1.0.2.tgz",
      "integrity": "sha512-R0XvVJ9WusLiqTCEiGCmICCMplcCkIwwR11mOSD9CR5u+IXYdiseeEuXCVAjS54zqwkLcPNnmU4OeJ6tUrWhDw==",
      "dev": true
    },
    "tapable": {
      "version": "2.2.1",
      "resolved": "https://registry.npmjs.org/tapable/-/tapable-2.2.1.tgz",
      "integrity": "sha512-GNzQvQTOIP6RyTfE2Qxb8ZVlNmw0n88vp1szwWRimP02mnTsx3Wtn5qRdqY9w2XduFNUgvOwhNnQsjwCp+kqaQ==",
      "dev": true
    },
    "typescript": {
      "version": "4.9.4",
      "resolved": "https://registry.npmjs.org/typescript/-/typescript-4.9.4.tgz",
      "integrity": "sha512-Uz+dTXYzxXXbsFpM86Wh3dKCxrQqUcVMxwU54orwlJjOpO3ao8L7j5lH+dWfTwgCwIuM9GQ2kvVotzYJMXTBZg==",
      "dev": true
    },
    "util-deprecate": {
      "version": "1.0.2",
      "resolved": "https://registry.npmjs.org/util-deprecate/-/util-deprecate-1.0.2.tgz",
      "integrity": "sha512-EPD5q1uXyFxJpCrLnCc1nHnq3gOa6DZBocAIiI2TaSCA7VCJ1UJDMagCzIkXNsUYfD1daK//LTEQ8xiIbrHtcw==",
      "dev": true
    },
    "vendor-prefixes": {
      "version": "1.0.0",
      "resolved": "https://registry.npmjs.org/vendor-prefixes/-/vendor-prefixes-1.0.0.tgz",
      "integrity": "sha512-oWOptgqBs948A3V9TmAUcVFvb0dJgmeHrcIcWq4rqtmCfaRs93t0+DfJu90V5n3drN0CKBYm4BTi9yvWyKXA+g==",
      "dev": true
    }
  }
}
