# THIS IS AN AUTOGENERATED FILE. DO NOT EDIT THIS FILE DIRECTLY.
# yarn lockfile v1


"@stylable/core@^4.8.3":
  version "4.9.3"
  resolved "https://registry.yarnpkg.com/@stylable/core/-/core-4.9.3.tgz#7de6a482bfc2a02c9a6727b0729338cba0d80db3"
  integrity sha512-Q4xSDg1Z9JGBXLeA0TZTgYnwMwPHI6oCA688RsP22FEjsQggYlV5AL09Y/C3V6xnHfpFfvyw8TJ1kSrUNHd3kw==
  dependencies:
    "@tokey/css-selector-parser" "^0.5.1"
    "@tokey/imports-parser" "^0.0.2"
    balanced-match "^2.0.0"
    css-selector-tokenizer "^0.8.0"
    cssesc "^3.0.0"
    deindent "^0.1.0"
    enhanced-resolve "^5.8.3"
    is-vendor-prefixed "^4.0.0"
    lodash.clonedeep "^4.5.0"
    lodash.clonedeepwith "^4.5.0"
    postcss "^8.4.5"
    postcss-js "^3.0.3"
    postcss-nested "^5.0.6"
    postcss-safe-parser "^6.0.0"
    postcss-value-parser "^4.2.0"

"@stylable/runtime@^4.8.3":
  version "4.9.3"
  resolved "https://registry.yarnpkg.com/@stylable/runtime/-/runtime-4.9.3.tgz#8d364d7ba06d210e5699d261ced187c85edea0ab"
  integrity sha512-TQT9vkQQrqj3lqXvQLw8X+F8BJWZ1lU5jeefI62OQ+oA3hmSc3JUghwrqr3dJ1WMt5ngz0wUcq7Kb3fbSa/YgA==

"@tokey/core@^1.2.1":
  version "1.2.1"
  resolved "https://registry.yarnpkg.com/@tokey/core/-/core-1.2.1.tgz#6aca4d365d0ce97518a02c7da2b6de4b0a76ffbe"
  integrity sha512-mSbVzBfj8Sjuab1yYHPUmVKET9M7uyzlfp56qiTtYaBnZnkKf+rEip8F94wL7PwruScKosmljJs3VXi7GrEiKA==

"@tokey/css-selector-parser@^0.5.1":
  version "0.5.1"
  resolved "https://registry.yarnpkg.com/@tokey/css-selector-parser/-/css-selector-parser-0.5.1.tgz#ef3a556b47c863579af1e4231eaef9bd2072b023"
  integrity sha512-wNqvEgxghpkdHEG7QAKISbWR+jbojS900ZnzDcOe5YIZQlvMiyH0tqsxmwc7lbnWE47VGf9FmddP5rqL69rCqA==
  dependencies:
    "@tokey/core" "^1.2.1"

"@tokey/imports-parser@^0.0.2":
  version "0.0.2"
  resolved "https://registry.yarnpkg.com/@tokey/imports-parser/-/imports-parser-0.0.2.tgz#b4504e4c8fe04efb58f2d032b9cb89bdb166d098"
  integrity sha512-Ej3N7OnHuLpY9wOxUP4Mm2H97OXM0+49T3yzjtcgQ/GGVr4TnEZCYvwy9wLN/WtJywqehkpq6HYdDBX6FTFq/A==
  dependencies:
    "@tokey/core" "^1.2.1"

"@types/prop-types@*":
  version "15.7.4"
  resolved "https://registry.yarnpkg.com/@types/prop-types/-/prop-types-15.7.4.tgz#fcf7205c25dff795ee79af1e30da2c9790808f11"
  integrity sha512-rZ5drC/jWjrArrS8BR6SIr4cWpW09RNTYt9AMZo3Jwwif+iacXAqgVjm0B0Bv/S1jhDXKHqRVNCbACkJ89RAnQ==

"@types/react-dom@^17.0.11":
  version "17.0.11"
  resolved "https://registry.yarnpkg.com/@types/react-dom/-/react-dom-17.0.11.tgz#e1eadc3c5e86bdb5f7684e00274ae228e7bcc466"
  integrity sha512-f96K3k+24RaLGVu/Y2Ng3e1EbZ8/cVJvypZWd7cy0ofCBaf2lcM46xNhycMZ2xGwbBjRql7hOlZ+e2WlJ5MH3Q==
  dependencies:
    "@types/react" "*"

"@types/react@*", "@types/react@^17.0.37":
  version "17.0.38"
  resolved "https://registry.yarnpkg.com/@types/react/-/react-17.0.38.tgz#f24249fefd89357d5fa71f739a686b8d7c7202bd"
  integrity sha512-SI92X1IA+FMnP3qM5m4QReluXzhcmovhZnLNm3pyeQlooi02qI7sLiepEYqT678uNiyc25XfCqxREFpy3W7YhQ==
  dependencies:
    "@types/prop-types" "*"
    "@types/scheduler" "*"
    csstype "^3.0.2"

"@types/scheduler@*":
  version "0.16.2"
  resolved "https://registry.yarnpkg.com/@types/scheduler/-/scheduler-0.16.2.tgz#1a62f89525723dde24ba1b01b092bf5df8ad4d39"
  integrity sha512-hppQEBDmlwhFAXKJX2KnWLYu5yMfi91yazPb2l+lbJiwW+wdo1gNeRA+3RgNSO39WYX2euey41KEwnqesU2Jew==

"@wixc3/react-simulation@^4.0.0":
  version "4.0.0"
  resolved "https://registry.yarnpkg.com/@wixc3/react-simulation/-/react-simulation-4.0.0.tgz#beec0c6f44552977e571e25413bf1f05126e9a72"
  integrity sha512-mMWIShsWgIaqenwRNPK2RujgakQdDos+KsFMvTTEDLJvjo8hU9q05gqfZzkKFDB7fHtyZMFeK9cgenD1ZshAFA==
  dependencies:
    "@wixc3/simulation-core" "^8.0.0"

"@wixc3/simulation-core@^8.0.0":
  version "8.0.0"
  resolved "https://registry.yarnpkg.com/@wixc3/simulation-core/-/simulation-core-8.0.0.tgz#4d4c9fc8ce82ffc6404b5aed0f607b9b550ded30"
  integrity sha512-1Xevl3360DNoxAlaQKpIkRI1kCCHLhI5BC70bfzDidqygeNz3ZK2YSYr9kP1njfUmawaqvfN14UPd0A8awbndw==

balanced-match@^2.0.0:
  version "2.0.0"
  resolved "https://registry.yarnpkg.com/balanced-match/-/balanced-match-2.0.0.tgz#dc70f920d78db8b858535795867bf48f820633d9"
  integrity sha512-1ugUSr8BHXRnK23KfuYS+gVMC3LB8QGH9W1iGtDPsNWoQbgtXSExkBu2aDR4epiGWZOjZsj6lDl/N/AqqTC3UA==

camelcase-css@^2.0.1:
  version "2.0.1"
  resolved "https://registry.yarnpkg.com/camelcase-css/-/camelcase-css-2.0.1.tgz#ee978f6947914cc30c6b44741b6ed1df7f043fd5"
  integrity sha512-QOSvevhslijgYwRx6Rv7zKdMF8lbRmx+uQGx2+vDc+KI/eBnsy9kit5aj23AgGu3pa4t9AgwbnXWqS+iOY+2aA==

css-selector-tokenizer@^0.8.0:
  version "0.8.0"
  resolved "https://registry.yarnpkg.com/css-selector-tokenizer/-/css-selector-tokenizer-0.8.0.tgz#88267ef6238e64f2215ea2764b3e2cf498b845dd"
  integrity sha512-Jd6Ig3/pe62/qe5SBPTN8h8LeUg/pT4lLgtavPf7updwwHpvFzxvOQBHYj2LZDMjUnBzgvIUSjRcf6oT5HzHFg==
  dependencies:
    cssesc "^3.0.0"
    fastparse "^1.1.2"

cssesc@^3.0.0:
  version "3.0.0"
  resolved "https://registry.yarnpkg.com/cssesc/-/cssesc-3.0.0.tgz#37741919903b868565e1c09ea747445cd18983ee"
  integrity sha512-/Tb/JcjK111nNScGob5MNtsntNM1aCNUDipB/TkwZFhyDrrE47SOx/18wF2bbjgc3ZzCSKW1T5nt5EbFoAz/Vg==

csstype@^3.0.2:
  version "3.0.10"
  resolved "https://registry.yarnpkg.com/csstype/-/csstype-3.0.10.tgz#2ad3a7bed70f35b965707c092e5f30b327c290e5"
  integrity sha512-2u44ZG2OcNUO9HDp/Jl8C07x6pU/eTR3ncV91SiK3dhG9TWvRVsCoJw14Ckx5DgWkzGA3waZWO3d7pgqpUI/XA==

deindent@^0.1.0:
  version "0.1.0"
  resolved "https://registry.yarnpkg.com/deindent/-/deindent-0.1.0.tgz#62e1dcdd1d849709e5c7403c890e47e3cebe399d"
  integrity sha1-YuHc3R2Elwnlx0A8iQ5H486+OZ0=

enhanced-resolve@^5.8.3:
  version "5.8.3"
  resolved "https://registry.yarnpkg.com/enhanced-resolve/-/enhanced-resolve-5.8.3.tgz#6d552d465cce0423f5b3d718511ea53826a7b2f0"
  integrity sha512-EGAbGvH7j7Xt2nc0E7D99La1OiEs8LnyimkRgwExpUMScN6O+3x9tIWs7PLQZVNx4YD+00skHXPXi1yQHpAmZA==
  dependencies:
    graceful-fs "^4.2.4"
    tapable "^2.2.0"

fastparse@^1.1.2:
  version "1.1.2"
  resolved "https://registry.yarnpkg.com/fastparse/-/fastparse-1.1.2.tgz#91728c5a5942eced8531283c79441ee4122c35a9"
  integrity sha512-483XLLxTVIwWK3QTrMGRqUfUpoOs/0hbQrl2oz4J0pAcm3A3bu84wxTFqGqkJzewCLdME38xJLJAxBABfQT8sQ==

graceful-fs@^4.2.4:
  version "4.2.8"
  resolved "https://registry.yarnpkg.com/graceful-fs/-/graceful-fs-4.2.8.tgz#e412b8d33f5e006593cbd3cee6df9f2cebbe802a"
  integrity sha512-qkIilPUYcNhJpd33n0GBXTB1MMPp14TxEsEs0pTrsSVucApsYzW5V+Q8Qxhik6KU3evy+qkAAowTByymK0avdg==

is-vendor-prefixed@^4.0.0:
  version "4.0.0"
  resolved "https://registry.yarnpkg.com/is-vendor-prefixed/-/is-vendor-prefixed-4.0.0.tgz#1058f8a2a46d1f08a09f68680092dea3a24dbb22"
  integrity sha512-IOs6nB0cELr2AfldQbfGf5urbX74pYE2Z9sULu2yeQswqodxtQZwi+avzSGM6AVJ5KbvfStd8lH/ooZ+B5cdUg==
  dependencies:
    vendor-prefixes "1.0.0"

"js-tokens@^3.0.0 || ^4.0.0":
  version "4.0.0"
  resolved "https://registry.yarnpkg.com/js-tokens/-/js-tokens-4.0.0.tgz#19203fb59991df98e3a287050d4647cdeaf32499"
  integrity sha512-RdJUflcE3cUzKiMqQgsCu06FPu9UdIJO0beYbPhHN4k6apgJtifcoCtT9bcxOpYBtpD2kCM6Sbzg4CausW/PKQ==

lodash.clonedeep@^4.5.0:
  version "4.5.0"
  resolved "https://registry.yarnpkg.com/lodash.clonedeep/-/lodash.clonedeep-4.5.0.tgz#e23f3f9c4f8fbdde872529c1071857a086e5ccef"
  integrity sha1-4j8/nE+Pvd6HJSnBBxhXoIblzO8=

lodash.clonedeepwith@^4.5.0:
  version "4.5.0"
  resolved "https://registry.yarnpkg.com/lodash.clonedeepwith/-/lodash.clonedeepwith-4.5.0.tgz#6ee30573a03a1a60d670a62ef33c10cf1afdbdd4"
  integrity sha1-buMFc6A6GmDWcKYu8zwQzxr9vdQ=

loose-envify@^1.1.0:
  version "1.4.0"
  resolved "https://registry.yarnpkg.com/loose-envify/-/loose-envify-1.4.0.tgz#71ee51fa7be4caec1a63839f7e682d8132d30caf"
  integrity sha512-lyuxPGr/Wfhrlem2CL/UcnUc1zcqKAImBDzukY7Y5F/yQiNdko6+fRLevlw1HgMySw7f611UIY408EtxRSoK3Q==
  dependencies:
    js-tokens "^3.0.0 || ^4.0.0"

nanoid@^3.1.30:
  version "3.1.30"
  resolved "https://registry.yarnpkg.com/nanoid/-/nanoid-3.1.30.tgz#63f93cc548d2a113dc5dfbc63bfa09e2b9b64362"
  integrity sha512-zJpuPDwOv8D2zq2WRoMe1HsfZthVewpel9CAvTfc/2mBD1uUT/agc5f7GHGWXlYkFvi1mVxe4IjvP2HNrop7nQ==

object-assign@^4.1.1:
  version "4.1.1"
  resolved "https://registry.yarnpkg.com/object-assign/-/object-assign-4.1.1.tgz#2109adc7965887cfc05cbbd442cac8bfbb360863"
  integrity sha1-IQmtx5ZYh8/AXLvUQsrIv7s2CGM=

picocolors@^1.0.0:
  version "1.0.0"
  resolved "https://registry.yarnpkg.com/picocolors/-/picocolors-1.0.0.tgz#cb5bdc74ff3f51892236eaf79d68bc44564ab81c"
  integrity sha512-1fygroTLlHu66zi26VoTDv8yRgm0Fccecssto+MhsZ0D/DGW2sm8E8AjW7NU5VVTRt5GxbeZ5qBuJr+HyLYkjQ==

postcss-js@^3.0.3:
  version "3.0.3"
  resolved "https://registry.yarnpkg.com/postcss-js/-/postcss-js-3.0.3.tgz#2f0bd370a2e8599d45439f6970403b5873abda33"
  integrity sha512-gWnoWQXKFw65Hk/mi2+WTQTHdPD5UJdDXZmX073EY/B3BWnYjO4F4t0VneTCnCGQ5E5GsCdMkzPaTXwl3r5dJw==
  dependencies:
    camelcase-css "^2.0.1"
    postcss "^8.1.6"

postcss-nested@^5.0.6:
  version "5.0.6"
  resolved "https://registry.yarnpkg.com/postcss-nested/-/postcss-nested-5.0.6.tgz#466343f7fc8d3d46af3e7dba3fcd47d052a945bc"
  integrity sha512-rKqm2Fk0KbA8Vt3AdGN0FB9OBOMDVajMG6ZCf/GoHgdxUJ4sBFp0A/uMIRm+MJUdo33YXEtjqIz8u7DAp8B7DA==
  dependencies:
    postcss-selector-parser "^6.0.6"

postcss-safe-parser@^6.0.0:
  version "6.0.0"
  resolved "https://registry.yarnpkg.com/postcss-safe-parser/-/postcss-safe-parser-6.0.0.tgz#bb4c29894171a94bc5c996b9a30317ef402adaa1"
  integrity sha512-FARHN8pwH+WiS2OPCxJI8FuRJpTVnn6ZNFiqAM2aeW2LwTHWWmWgIyKC6cUo0L8aeKiF/14MNvnpls6R2PBeMQ==

postcss-selector-parser@^6.0.6:
  version "6.0.8"
  resolved "https://registry.yarnpkg.com/postcss-selector-parser/-/postcss-selector-parser-6.0.8.tgz#f023ed7a9ea736cd7ef70342996e8e78645a7914"
  integrity sha512-D5PG53d209Z1Uhcc0qAZ5U3t5HagH3cxu+WLZ22jt3gLUpXM4eXXfiO14jiDWST3NNooX/E8wISfOhZ9eIjGTQ==
  dependencies:
    cssesc "^3.0.0"
    util-deprecate "^1.0.2"

postcss-value-parser@^4.2.0:
  version "4.2.0"
  resolved "https://registry.yarnpkg.com/postcss-value-parser/-/postcss-value-parser-4.2.0.tgz#723c09920836ba6d3e5af019f92bc0971c02e514"
  integrity sha512-1NNCs6uurfkVbeXG4S8JFT9t19m45ICnif8zWLd5oPSZ50QnwMfK+H3jv408d4jw/7Bttv5axS5IiHoLaVNHeQ==

postcss@^8.1.6, postcss@^8.4.5:
  version "8.4.5"
  resolved "https://registry.yarnpkg.com/postcss/-/postcss-8.4.5.tgz#bae665764dfd4c6fcc24dc0fdf7e7aa00cc77f95"
  integrity sha512-jBDboWM8qpaqwkMwItqTQTiFikhs/67OYVvblFFTM7MrZjt6yMKd6r2kgXizEbTTljacm4NldIlZnhbjr84QYg==
  dependencies:
    nanoid "^3.1.30"
    picocolors "^1.0.0"
    source-map-js "^1.0.1"

react-dom@^17.0.2:
  version "17.0.2"
  resolved "https://registry.yarnpkg.com/react-dom/-/react-dom-17.0.2.tgz#ecffb6845e3ad8dbfcdc498f0d0a939736502c23"
  integrity sha512-s4h96KtLDUQlsENhMn1ar8t2bEa+q/YAtj8pPPdIjPDGBDIVNsrD9aXNWqspUe6AzKCIG0C1HZZLqLV7qpOBGA==
  dependencies:
    loose-envify "^1.1.0"
    object-assign "^4.1.1"
    scheduler "^0.20.2"

react@^17.0.2:
  version "17.0.2"
  resolved "https://registry.yarnpkg.com/react/-/react-17.0.2.tgz#d0b5cc516d29eb3eee383f75b62864cfb6800037"
  integrity sha512-gnhPt75i/dq/z3/6q/0asP78D0u592D5L1pd7M8P+dck6Fu/jJeL6iVVK23fptSUZj8Vjf++7wXA8UNclGQcbA==
  dependencies:
    loose-envify "^1.1.0"
    object-assign "^4.1.1"

scheduler@^0.20.2:
  version "0.20.2"
  resolved "https://registry.yarnpkg.com/scheduler/-/scheduler-0.20.2.tgz#4baee39436e34aa93b4874bddcbf0fe8b8b50e91"
  integrity sha512-2eWfGgAqqWFGqtdMmcL5zCMK1U8KlXv8SQFGglL3CEtd0aDVDWgeF/YoCmvln55m5zSk3J/20hTaSBeSObsQDQ==
  dependencies:
    loose-envify "^1.1.0"
    object-assign "^4.1.1"

source-map-js@^1.0.1:
  version "1.0.1"
  resolved "https://registry.yarnpkg.com/source-map-js/-/source-map-js-1.0.1.tgz#a1741c131e3c77d048252adfa24e23b908670caf"
  integrity sha512-4+TN2b3tqOCd/kaGRJ/sTYA0tR0mdXx26ipdolxcwtJVqEnqNYvlCAt1q3ypy4QMlYus+Zh34RNtYLoq2oQ4IA==

tapable@^2.2.0:
  version "2.2.1"
  resolved "https://registry.yarnpkg.com/tapable/-/tapable-2.2.1.tgz#1967a73ef4060a82f12ab96af86d52fdb76eeca0"
  integrity sha512-GNzQvQTOIP6RyTfE2Qxb8ZVlNmw0n88vp1szwWRimP02mnTsx3Wtn5qRdqY9w2XduFNUgvOwhNnQsjwCp+kqaQ==

typescript@~4.5.2:
  version "4.5.4"
  resolved "https://registry.yarnpkg.com/typescript/-/typescript-4.5.4.tgz#a17d3a0263bf5c8723b9c52f43c5084edf13c2e8"
  integrity sha512-VgYs2A2QIRuGphtzFV7aQJduJ2gyfTljngLzjpfW9FoYZF6xuw1W0vW9ghCKLfcWrCFxK81CSGRAvS1pn4fIUg==

util-deprecate@^1.0.2:
  version "1.0.2"
  resolved "https://registry.yarnpkg.com/util-deprecate/-/util-deprecate-1.0.2.tgz#450d4dc9fa70de732762fbd2d4a28981419a0ccf"
  integrity sha1-RQ1Nyfpw3nMnYvvS1KKJgUGaDM8=

vendor-prefixes@1.0.0:
  version "1.0.0"
  resolved "https://registry.yarnpkg.com/vendor-prefixes/-/vendor-prefixes-1.0.0.tgz#1c7b92ece46e2f1a06c5a907613f5d50045df531"
  integrity sha1-HHuS7ORuLxoGxakHYT9dUARd9TE=
